
Microsoft Visual Studio Solution File, Format Version 12.00
# Visual Studio 14
VisualStudioVersion = 14.0.25420.1
MinimumVisualStudioVersion = 10.0.40219.1
Project("{FAE04EC0-301F-11D3-BF4B-00C04F79EFBC}") = "CurrencyExchange", "CurrencyExchange\CurrencyExchange.csproj", "{E8037DF5-9C2C-4BAA-8216-027314E5CBDE}"
EndProject
Project("{FAE04EC0-301F-11D3-BF4B-00C04F79EFBC}") = "test", "test\test.csproj", "{09439BD0-E422-4AF6-BD83-5E3A7C0A37E3}"
EndProject
Global
	GlobalSection(SolutionConfigurationPlatforms) = preSolution
		Debug|Any CPU = Debug|Any CPU
		Release|Any CPU = Release|Any CPU
	EndGlobalSection
	GlobalSection(ProjectConfigurationPlatforms) = postSolution
		{E8037DF5-9C2C-4BAA-8216-027314E5CBDE}.Debug|Any CPU.ActiveCfg = Debug|Any CPU
		{E8037DF5-9C2C-4BAA-8216-027314E5CBDE}.Debug|Any CPU.Build.0 = Debug|Any CPU
		{E8037DF5-9C2C-4BAA-8216-027314E5CBDE}.Release|Any CPU.ActiveCfg = Release|Any CPU
		{E8037DF5-9C2C-4BAA-8216-027314E5CBDE}.Release|Any CPU.Build.0 = Release|Any CPU
		{09439BD0-E422-4AF6-BD83-5E3A7C0A37E3}.Debug|Any CPU.ActiveCfg = Debug|Any CPU
		{09439BD0-E422-4AF6-BD83-5E3A7C0A37E3}.Debug|Any CPU.Build.0 = Debug|Any CPU
		{09439BD0-E422-4AF6-BD83-5E3A7C0A37E3}.Release|Any CPU.ActiveCfg = Release|Any CPU
		{09439BD0-E422-4AF6-BD83-5E3A7C0A37E3}.Release|Any CPU.Build.0 = Release|Any CPU
	EndGlobalSection
	GlobalSection(SolutionProperties) = preSolution
		HideSolutionNode = FALSE
	EndGlobalSection
EndGlobal
